
Microsoft Visual Studio Solution File, Format Version 10.00
# Visual Studio 2008
Project("{FAE04EC0-301F-11D3-BF4B-00C04F79EFBC}") = "ExcelToSQL", "ExcelToSQL.csproj", "{F90C69C8-33D3-4FB3-AC33-95D717B32954}"
EndProject
Global
	GlobalSection(SolutionConfigurationPlatforms) = preSolution
		Debug|Any CPU = Debug|Any CPU
		Release|Any CPU = Release|Any CPU
	EndGlobalSection
	GlobalSection(ProjectConfigurationPlatforms) = postSolution
		{F90C69C8-33D3-4FB3-AC33-95D717B32954}.Debug|Any CPU.ActiveCfg = Debug|Any CPU
		{F90C69C8-33D3-4FB3-AC33-95D717B32954}.Debug|Any CPU.Build.0 = Debug|Any CPU
		{F90C69C8-33D3-4FB3-AC33-95D717B32954}.Release|Any CPU.ActiveCfg = Release|Any CPU
		{F90C69C8-33D3-4FB3-AC33-95D717B32954}.Release|Any CPU.Build.0 = Release|Any CPU
	EndGlobalSection
	GlobalSection(SolutionProperties) = preSolution
		HideSolutionNode = FALSE
	EndGlobalSection
EndGlobal
